# Generated by buf. DO NOT EDIT.
version: v1
deps:
  - remote: buf.build
    owner: cosmos
    repository: cosmos-proto
    commit: 04467658e59e44bbb22fe568206e1f70
    digest: shake256:73a640bd60e0c523b0f8237ff34eab67c45a38b64bbbde1d80224819d272dbf316ac183526bd245f994af6608b025f5130483d0133c5edd385531326b5990466
  - remote: buf.build
    owner: cosmos
    repository: cosmos-sdk
    commit: 508e19f5f37549e3a471a2a59b903c00
    digest: shake256:bb1409ac619469eb168f9644338c7aa17bf9c67a46c149c7c98a75fcb840b38a05b2227a14052d6e9b05c802e6c0b7e994396b4d4906c548086d1363898a261c
  - remote: buf.build
    owner: cosmos
    repository: gogo-proto
    commit: 88ef6483f90f478fb938c37dde52ece3
    digest: shake256:89c45df2aa11e0cff97b0d695436713db3d993d76792e9f8dc1ae90e6ab9a9bec55503d48ceedd6b86069ab07d3041b32001b2bfe0227fa725dd515ff381e5ba
  - remote: buf.build
    owner: googleapis
    repository: googleapis
    commit: 783e4b5374fa488ab068d08af9658438
    digest: shake256:e4124e61a48ffed250c1a188865c9b5b951460ed2b58b0e19773fa3db2f00bdffd48a3eb9d872f987b02fa2fe2304545205e6f4127a67ff02f27534e24569556
  - remote: buf.build
    owner: moca
    repository: moca
    commit: e600ae15b42f4b46916f9fa9f86cc1d7
    digest: shake256:401fa74f8d91281011fd7b63772f3fd541edb31078d197cc8eb2f0fecb9373424420971ad9bffddef9a4936c0f47ca9ce980b8c0a594c5fd9626337850cad162
